{
    "name": "bitmagic",
    "version": "0.0.1",
    "lockfileVersion": 3,
    "requires": true,
    "packages": {
        "": {
            "name": "bitmagic",
            "version": "0.0.1",
            "dependencies": {
                "@microsoft/vscode-file-downloader-api": "^1.0.1",
                "@types/vscode": "^1.75.1",
                "@vscode/debugprotocol": "^1.59.0",
                "vscode-nls": "^5.2.0"
            },
            "devDependencies": {
                "@types/node": "^18.14.0",
                "typescript": "^5.0.3"
            },
            "engines": {
                "vscode": "^1.63.0"
            }
        },
        "node_modules/@microsoft/vscode-file-downloader-api": {
            "version": "1.0.1",
            "resolved": "https://registry.npmjs.org/@microsoft/vscode-file-downloader-api/-/vscode-file-downloader-api-1.0.1.tgz",
            "integrity": "sha512-cO9n/IpTMbXizz5YcEkiuRyX5r66SBY/3LnrlroyXbQXrgDdaKecfV3n4viTcvp9O//QF2AxcBfDZex2d4VSTg=="
        },
        "node_modules/@types/node": {
            "version": "18.15.11",
            "resolved": "https://registry.npmjs.org/@types/node/-/node-18.15.11.tgz",
            "integrity": "sha512-E5Kwq2n4SbMzQOn6wnmBjuK9ouqlURrcZDVfbo9ftDDTFt3nk7ZKK4GMOzoYgnpQJKcxwQw+lGaBvvlMo0qN/Q==",
            "dev": true
        },
        "node_modules/@types/vscode": {
            "version": "1.77.0",
            "resolved": "https://registry.npmjs.org/@types/vscode/-/vscode-1.77.0.tgz",
            "integrity": "sha512-MWFN5R7a33n8eJZJmdVlifjig3LWUNRrPeO1xemIcZ0ae0TEQuRc7G2xV0LUX78RZFECY1plYBn+dP/Acc3L0Q=="
        },
        "node_modules/@vscode/debugprotocol": {
            "version": "1.59.0",
            "resolved": "https://registry.npmjs.org/@vscode/debugprotocol/-/debugprotocol-1.59.0.tgz",
            "integrity": "sha512-Ks8NiZrCvybf9ebGLP8OUZQbEMIJYC8X0Ds54Q/szpT/SYEDjTksPvZlcWGTo7B9t5abjvbd0jkNH3blYaSuVw=="
        },
        "node_modules/typescript": {
            "version": "5.0.3",
            "resolved": "https://registry.npmjs.org/typescript/-/typescript-5.0.3.tgz",
            "integrity": "sha512-xv8mOEDnigb/tN9PSMTwSEqAnUvkoXMQlicOb0IUVDBSQCgBSaAAROUZYy2IcUy5qU6XajK5jjjO7TMWqBTKZA==",
            "dev": true,
            "bin": {
                "tsc": "bin/tsc",
                "tsserver": "bin/tsserver"
            },
            "engines": {
                "node": ">=12.20"
            }
        },
        "node_modules/vscode-nls": {
            "version": "5.2.0",
            "resolved": "https://registry.npmjs.org/vscode-nls/-/vscode-nls-5.2.0.tgz",
            "integrity": "sha512-RAaHx7B14ZU04EU31pT+rKz2/zSl7xMsfIZuo8pd+KZO6PXtQmpevpq3vxvWNcrGbdmhM/rr5Uw5Mz+NBfhVng=="
        }
    }
}
